
Microsoft Visual Studio Solution File, Format Version 12.00
# Visual Studio Version 16
VisualStudioVersion = 16.0.30309.148
MinimumVisualStudioVersion = 10.0.40219.1
Project("{8BC9CEB8-8B4A-11D0-8D11-00A0C91BC942}") = "11012020dz34", "11012020dz34.vcxproj", "{A401C20A-DC56-4272-A327-6C1D1F86F71A}"
EndProject
Global
	GlobalSection(SolutionConfigurationPlatforms) = preSolution
		Debug|x64 = Debug|x64
		Debug|x86 = Debug|x86
		Release|x64 = Release|x64
		Release|x86 = Release|x86
	EndGlobalSection
	GlobalSection(ProjectConfigurationPlatforms) = postSolution
		{A401C20A-DC56-4272-A327-6C1D1F86F71A}.Debug|x64.ActiveCfg = Debug|x64
		{A401C20A-DC56-4272-A327-6C1D1F86F71A}.Debug|x64.Build.0 = Debug|x64
		{A401C20A-DC56-4272-A327-6C1D1F86F71A}.Debug|x86.ActiveCfg = Debug|Win32
		{A401C20A-DC56-4272-A327-6C1D1F86F71A}.Debug|x86.Build.0 = Debug|Win32
		{A401C20A-DC56-4272-A327-6C1D1F86F71A}.Release|x64.ActiveCfg = Release|x64
		{A401C20A-DC56-4272-A327-6C1D1F86F71A}.Release|x64.Build.0 = Release|x64
		{A401C20A-DC56-4272-A327-6C1D1F86F71A}.Release|x86.ActiveCfg = Release|Win32
		{A401C20A-DC56-4272-A327-6C1D1F86F71A}.Release|x86.Build.0 = Release|Win32
	EndGlobalSection
	GlobalSection(SolutionProperties) = preSolution
		HideSolutionNode = FALSE
	EndGlobalSection
	GlobalSection(ExtensibilityGlobals) = postSolution
		SolutionGuid = {5964B552-D1DF-480B-8522-6F273719F2D3}
	EndGlobalSection
EndGlobal
